
Microsoft Visual Studio Solution File, Format Version 12.00
# Visual Studio Version 17
VisualStudioVersion = 17.5.33530.505
MinimumVisualStudioVersion = 10.0.40219.1
Project("{FAE04EC0-301F-11D3-BF4B-00C04F79EFBC}") = "MathQuizApplication", "MathQuizApplication.csproj", "{BF63AF2C-A521-438D-96BF-A6BE7538989A}"
EndProject
Global
	GlobalSection(SolutionConfigurationPlatforms) = preSolution
		Debug|Any CPU = Debug|Any CPU
		Release|Any CPU = Release|Any CPU
	EndGlobalSection
	GlobalSection(ProjectConfigurationPlatforms) = postSolution
		{BF63AF2C-A521-438D-96BF-A6BE7538989A}.Debug|Any CPU.ActiveCfg = Debug|Any CPU
		{BF63AF2C-A521-438D-96BF-A6BE7538989A}.Debug|Any CPU.Build.0 = Debug|Any CPU
		{BF63AF2C-A521-438D-96BF-A6BE7538989A}.Release|Any CPU.ActiveCfg = Release|Any CPU
		{BF63AF2C-A521-438D-96BF-A6BE7538989A}.Release|Any CPU.Build.0 = Release|Any CPU
	EndGlobalSection
	GlobalSection(SolutionProperties) = preSolution
		HideSolutionNode = FALSE
	EndGlobalSection
	GlobalSection(ExtensibilityGlobals) = postSolution
		SolutionGuid = {22174614-7C5E-4344-94C9-3998802C43B5}
	EndGlobalSection
EndGlobal
